
Microsoft Visual Studio Solution File, Format Version 12.00
# Visual Studio Version 16
VisualStudioVersion = 16.0.31911.196
MinimumVisualStudioVersion = 10.0.40219.1
Project("{FAE04EC0-301F-11D3-BF4B-00C04F79EFBC}") = "IaImagem", "IaImagem\IaImagem.csproj", "{55EC0E0E-5785-4CA9-9266-1F7F2BD51230}"
EndProject
Global
	GlobalSection(SolutionConfigurationPlatforms) = preSolution
		Debug|Any CPU = Debug|Any CPU
		Release|Any CPU = Release|Any CPU
	EndGlobalSection
	GlobalSection(ProjectConfigurationPlatforms) = postSolution
		{55EC0E0E-5785-4CA9-9266-1F7F2BD51230}.Debug|Any CPU.ActiveCfg = Debug|Any CPU
		{55EC0E0E-5785-4CA9-9266-1F7F2BD51230}.Debug|Any CPU.Build.0 = Debug|Any CPU
		{55EC0E0E-5785-4CA9-9266-1F7F2BD51230}.Release|Any CPU.ActiveCfg = Release|Any CPU
		{55EC0E0E-5785-4CA9-9266-1F7F2BD51230}.Release|Any CPU.Build.0 = Release|Any CPU
	EndGlobalSection
	GlobalSection(SolutionProperties) = preSolution
		HideSolutionNode = FALSE
	EndGlobalSection
	GlobalSection(ExtensibilityGlobals) = postSolution
		SolutionGuid = {C1EBF937-D74F-4F54-896A-7403D25C321F}
	EndGlobalSection
EndGlobal
